
Microsoft Visual Studio Solution File, Format Version 12.00
Project("{FAE04EC0-301F-11D3-BF4B-00C04F79EFBC}") = "testXunitPerformance", "testXunitPerformance\testXunitPerformance.csproj", "{73FBFD33-0252-44BF-A6C1-042FDE510B7B}"
EndProject
Project("{FAE04EC0-301F-11D3-BF4B-00C04F79EFBC}") = "testPerformance", "testPerformance\testPerformance.csproj", "{CB4D365F-44A3-48BA-98AA-1D2AABED8B97}"
EndProject
Global
	GlobalSection(SolutionConfigurationPlatforms) = preSolution
		Debug|Any CPU = Debug|Any CPU
		Release|Any CPU = Release|Any CPU
	EndGlobalSection
	GlobalSection(ProjectConfigurationPlatforms) = postSolution
		{73FBFD33-0252-44BF-A6C1-042FDE510B7B}.Debug|Any CPU.ActiveCfg = Debug|Any CPU
		{73FBFD33-0252-44BF-A6C1-042FDE510B7B}.Debug|Any CPU.Build.0 = Debug|Any CPU
		{73FBFD33-0252-44BF-A6C1-042FDE510B7B}.Release|Any CPU.ActiveCfg = Release|Any CPU
		{73FBFD33-0252-44BF-A6C1-042FDE510B7B}.Release|Any CPU.Build.0 = Release|Any CPU
		{CB4D365F-44A3-48BA-98AA-1D2AABED8B97}.Debug|Any CPU.ActiveCfg = Debug|Any CPU
		{CB4D365F-44A3-48BA-98AA-1D2AABED8B97}.Debug|Any CPU.Build.0 = Debug|Any CPU
		{CB4D365F-44A3-48BA-98AA-1D2AABED8B97}.Release|Any CPU.ActiveCfg = Release|Any CPU
		{CB4D365F-44A3-48BA-98AA-1D2AABED8B97}.Release|Any CPU.Build.0 = Release|Any CPU
	EndGlobalSection
EndGlobal
